
Microsoft Visual Studio Solution File, Format Version 12.00
# Visual Studio 15
VisualStudioVersion = 15.0.27703.2000
MinimumVisualStudioVersion = 10.0.40219.1
Project("{FAE04EC0-301F-11D3-BF4B-00C04F79EFBC}") = "TsoroYematatu", "TsoroYematatu\TsoroYematatu.csproj", "{DBEE91E5-356C-4F87-974E-5D75A46DD0A9}"
EndProject
Global
	GlobalSection(SolutionConfigurationPlatforms) = preSolution
		Debug|Any CPU = Debug|Any CPU
		Release|Any CPU = Release|Any CPU
	EndGlobalSection
	GlobalSection(ProjectConfigurationPlatforms) = postSolution
		{DBEE91E5-356C-4F87-974E-5D75A46DD0A9}.Debug|Any CPU.ActiveCfg = Debug|Any CPU
		{DBEE91E5-356C-4F87-974E-5D75A46DD0A9}.Debug|Any CPU.Build.0 = Debug|Any CPU
		{DBEE91E5-356C-4F87-974E-5D75A46DD0A9}.Release|Any CPU.ActiveCfg = Release|Any CPU
		{DBEE91E5-356C-4F87-974E-5D75A46DD0A9}.Release|Any CPU.Build.0 = Release|Any CPU
	EndGlobalSection
	GlobalSection(SolutionProperties) = preSolution
		HideSolutionNode = FALSE
	EndGlobalSection
	GlobalSection(ExtensibilityGlobals) = postSolution
		SolutionGuid = {D1DA61AA-F71C-4E43-95EB-E50ED7BD8F51}
	EndGlobalSection
EndGlobal
